
Microsoft Visual Studio Solution File, Format Version 12.00
# Visual Studio 15
VisualStudioVersion = 15.0.26430.6
MinimumVisualStudioVersion = 10.0.40219.1
Project("{FAE04EC0-301F-11D3-BF4B-00C04F79EFBC}") = "Mindbox", "Mindbox\Mindbox.csproj", "{A5C07B79-18CE-41E4-8A1D-4A1CECEB392C}"
EndProject
Project("{FAE04EC0-301F-11D3-BF4B-00C04F79EFBC}") = "Mindbox.Test", "Mindbox.Test\Mindbox.Test.csproj", "{0CD4FB75-A30F-432F-B86E-0CE3148F9BB4}"
EndProject
Global
	GlobalSection(SolutionConfigurationPlatforms) = preSolution
		Debug|Any CPU = Debug|Any CPU
		Release|Any CPU = Release|Any CPU
	EndGlobalSection
	GlobalSection(ProjectConfigurationPlatforms) = postSolution
		{A5C07B79-18CE-41E4-8A1D-4A1CECEB392C}.Debug|Any CPU.ActiveCfg = Debug|Any CPU
		{A5C07B79-18CE-41E4-8A1D-4A1CECEB392C}.Debug|Any CPU.Build.0 = Debug|Any CPU
		{A5C07B79-18CE-41E4-8A1D-4A1CECEB392C}.Release|Any CPU.ActiveCfg = Release|Any CPU
		{A5C07B79-18CE-41E4-8A1D-4A1CECEB392C}.Release|Any CPU.Build.0 = Release|Any CPU
		{0CD4FB75-A30F-432F-B86E-0CE3148F9BB4}.Debug|Any CPU.ActiveCfg = Debug|Any CPU
		{0CD4FB75-A30F-432F-B86E-0CE3148F9BB4}.Debug|Any CPU.Build.0 = Debug|Any CPU
		{0CD4FB75-A30F-432F-B86E-0CE3148F9BB4}.Release|Any CPU.ActiveCfg = Release|Any CPU
		{0CD4FB75-A30F-432F-B86E-0CE3148F9BB4}.Release|Any CPU.Build.0 = Release|Any CPU
	EndGlobalSection
	GlobalSection(SolutionProperties) = preSolution
		HideSolutionNode = FALSE
	EndGlobalSection
EndGlobal
